# This file is automatically @generated by Cargo.
# It is not intended for manual editing.
[[package]]
name = "idna"
version = "0.1.5"
source = "git+https://github.com/servo/rust-url#c1914b3a27c657eac1def4a85aa97717460c3061"
dependencies = [
 "matches 0.1.8 (registry+https://github.com/rust-lang/crates.io-index)",
 "unicode-bidi 0.3.4 (registry+https://github.com/rust-lang/crates.io-index)",
 "unicode-normalization 0.1.8 (registry+https://github.com/rust-lang/crates.io-index)",
]

[[package]]
name = "json"
version = "0.11.14"
source = "registry+https://github.com/rust-lang/crates.io-index"

[[package]]
name = "matches"
version = "0.1.8"
source = "registry+https://github.com/rust-lang/crates.io-index"

[[package]]
name = "percent-encoding"
version = "1.0.2"
source = "git+https://github.com/servo/rust-url#c1914b3a27c657eac1def4a85aa97717460c3061"

[[package]]
name = "protocol-handler"
version = "0.1.0"
dependencies = [
 "json 0.11.14 (registry+https://github.com/rust-lang/crates.io-index)",
 "url 1.7.2 (git+https://github.com/servo/rust-url)",
]

[[package]]
name = "smallvec"
version = "0.6.10"
source = "registry+https://github.com/rust-lang/crates.io-index"

[[package]]
name = "unicode-bidi"
version = "0.3.4"
source = "registry+https://github.com/rust-lang/crates.io-index"
dependencies = [
 "matches 0.1.8 (registry+https://github.com/rust-lang/crates.io-index)",
]

[[package]]
name = "unicode-normalization"
version = "0.1.8"
source = "registry+https://github.com/rust-lang/crates.io-index"
dependencies = [
 "smallvec 0.6.10 (registry+https://github.com/rust-lang/crates.io-index)",
]

[[package]]
name = "url"
version = "1.7.2"
source = "git+https://github.com/servo/rust-url#c1914b3a27c657eac1def4a85aa97717460c3061"
dependencies = [
 "idna 0.1.5 (git+https://github.com/servo/rust-url)",
 "matches 0.1.8 (registry+https://github.com/rust-lang/crates.io-index)",
 "percent-encoding 1.0.2 (git+https://github.com/servo/rust-url)",
]

[metadata]
"checksum idna 0.1.5 (git+https://github.com/servo/rust-url)" = "<none>"
"checksum json 0.11.14 (registry+https://github.com/rust-lang/crates.io-index)" = "01d7903059b22f1f09ced2fb9562507e3556a953caa2f835c64ab022bb6148c2"
"checksum matches 0.1.8 (registry+https://github.com/rust-lang/crates.io-index)" = "7ffc5c5338469d4d3ea17d269fa8ea3512ad247247c30bd2df69e68309ed0a08"
"checksum percent-encoding 1.0.2 (git+https://github.com/servo/rust-url)" = "<none>"
"checksum smallvec 0.6.10 (registry+https://github.com/rust-lang/crates.io-index)" = "ab606a9c5e214920bb66c458cd7be8ef094f813f20fe77a54cc7dbfff220d4b7"
"checksum unicode-bidi 0.3.4 (registry+https://github.com/rust-lang/crates.io-index)" = "49f2bd0c6468a8230e1db229cff8029217cf623c767ea5d60bfbd42729ea54d5"
"checksum unicode-normalization 0.1.8 (registry+https://github.com/rust-lang/crates.io-index)" = "141339a08b982d942be2ca06ff8b076563cbe223d1befd5450716790d44e2426"
"checksum url 1.7.2 (git+https://github.com/servo/rust-url)" = "<none>"
